
Microsoft Visual Studio Solution File, Format Version 12.00
# Visual Studio Version 16
VisualStudioVersion = 16.0.30907.101
MinimumVisualStudioVersion = 10.0.40219.1
Project("{FAE04EC0-301F-11D3-BF4B-00C04F79EFBC}") = "loginapp", "loginapp\loginapp.csproj", "{4BDC7E8A-BB14-4031-BC8B-F4A3A0050C34}"
EndProject
Global
	GlobalSection(SolutionConfigurationPlatforms) = preSolution
		Debug|Any CPU = Debug|Any CPU
		Release|Any CPU = Release|Any CPU
	EndGlobalSection
	GlobalSection(ProjectConfigurationPlatforms) = postSolution
		{4BDC7E8A-BB14-4031-BC8B-F4A3A0050C34}.Debug|Any CPU.ActiveCfg = Debug|Any CPU
		{4BDC7E8A-BB14-4031-BC8B-F4A3A0050C34}.Debug|Any CPU.Build.0 = Debug|Any CPU
		{4BDC7E8A-BB14-4031-BC8B-F4A3A0050C34}.Release|Any CPU.ActiveCfg = Release|Any CPU
		{4BDC7E8A-BB14-4031-BC8B-F4A3A0050C34}.Release|Any CPU.Build.0 = Release|Any CPU
	EndGlobalSection
	GlobalSection(SolutionProperties) = preSolution
		HideSolutionNode = FALSE
	EndGlobalSection
	GlobalSection(ExtensibilityGlobals) = postSolution
		SolutionGuid = {E69DC333-8514-4A9B-91E8-06061FEE1F86}
	EndGlobalSection
EndGlobal
